// !$*UTF8*$!
{
	archiveVersion = 1;
	classes = {
	};
	objectVersion = 50;
	objects = {

/* Begin PBXBuildFile section */
		A107ED7D240C284E00FF54B9 /* RateViewController.xib in Resources */ = {isa = PBXBuildFile; fileRef = A107ED7B240C284D00FF54B9 /* RateViewController.xib */; };
		A107ED7E240C284E00FF54B9 /* RateViewController.swift in Sources */ = {isa = PBXBuildFile; fileRef = A107ED7C240C284E00FF54B9 /* RateViewController.swift */; };
		A11377992405D9CF00AE8E02 /* EpisodeDateSeasonTableViewCell.swift in Sources */ = {isa = PBXBuildFile; fileRef = A11377972405D9CF00AE8E02 /* EpisodeDateSeasonTableViewCell.swift */; };
		A113779A2405D9CF00AE8E02 /* EpisodeDateSeasonTableViewCell.xib in Resources */ = {isa = PBXBuildFile; fileRef = A11377982405D9CF00AE8E02 /* EpisodeDateSeasonTableViewCell.xib */; };
		A113779D2405D9EF00AE8E02 /* EpisodeOverviewTableViewCell.swift in Sources */ = {isa = PBXBuildFile; fileRef = A113779B2405D9EF00AE8E02 /* EpisodeOverviewTableViewCell.swift */; };
		A113779E2405D9EF00AE8E02 /* EpisodeOverviewTableViewCell.xib in Resources */ = {isa = PBXBuildFile; fileRef = A113779C2405D9EF00AE8E02 /* EpisodeOverviewTableViewCell.xib */; };
		A13995E7240487C9007CBE33 /* EpisodeImageTableViewCell.swift in Sources */ = {isa = PBXBuildFile; fileRef = A13995E5240487C9007CBE33 /* EpisodeImageTableViewCell.swift */; };
		A13995E8240487C9007CBE33 /* EpisodeImageTableViewCell.xib in Resources */ = {isa = PBXBuildFile; fileRef = A13995E6240487C9007CBE33 /* EpisodeImageTableViewCell.xib */; };
		A13C40172409DCA900E4FF0D /* FavoritesViewController.swift in Sources */ = {isa = PBXBuildFile; fileRef = A13C40152409DCA900E4FF0D /* FavoritesViewController.swift */; };
		A13C40182409DCA900E4FF0D /* FavoritesViewController.xib in Resources */ = {isa = PBXBuildFile; fileRef = A13C40162409DCA900E4FF0D /* FavoritesViewController.xib */; };
		A1437ED523F6023500E8784B /* CastViewController.xib in Resources */ = {isa = PBXBuildFile; fileRef = A1437ED423F6023500E8784B /* CastViewController.xib */; };
		A1437ED723F6024900E8784B /* CastViewController.swift in Sources */ = {isa = PBXBuildFile; fileRef = A1437ED623F6024900E8784B /* CastViewController.swift */; };
		A1437ED923F602BC00E8784B /* SettingsViewController.swift in Sources */ = {isa = PBXBuildFile; fileRef = A1437ED823F602BC00E8784B /* SettingsViewController.swift */; };
		A1437EDB23F602D200E8784B /* SettingsViewController.xib in Resources */ = {isa = PBXBuildFile; fileRef = A1437EDA23F602D200E8784B /* SettingsViewController.xib */; };
		A1437EDF23F605AB00E8784B /* HouseViewController.swift in Sources */ = {isa = PBXBuildFile; fileRef = A1437EDD23F605AB00E8784B /* HouseViewController.swift */; };
		A1437EE023F605AB00E8784B /* HouseViewController.xib in Resources */ = {isa = PBXBuildFile; fileRef = A1437EDE23F605AB00E8784B /* HouseViewController.xib */; };
		A177979923F5F41A0043D3DF /* Episode.swift in Sources */ = {isa = PBXBuildFile; fileRef = A177979823F5F41A0043D3DF /* Episode.swift */; };
		A17CEE1E2407273000CF4B9B /* ImageTableViewCell.swift in Sources */ = {isa = PBXBuildFile; fileRef = A17CEE1C2407273000CF4B9B /* ImageTableViewCell.swift */; };
		A17CEE1F2407273000CF4B9B /* ImageTableViewCell.xib in Resources */ = {isa = PBXBuildFile; fileRef = A17CEE1D2407273000CF4B9B /* ImageTableViewCell.xib */; };
		A17CEE22240727C100CF4B9B /* MainAttributesTableViewCell.swift in Sources */ = {isa = PBXBuildFile; fileRef = A17CEE20240727C100CF4B9B /* MainAttributesTableViewCell.swift */; };
		A17CEE23240727C100CF4B9B /* MainAttributesTableViewCell.xib in Resources */ = {isa = PBXBuildFile; fileRef = A17CEE21240727C100CF4B9B /* MainAttributesTableViewCell.xib */; };
		A17CEE262407280F00CF4B9B /* SecondaryAttributesTableViewCell.swift in Sources */ = {isa = PBXBuildFile; fileRef = A17CEE242407280F00CF4B9B /* SecondaryAttributesTableViewCell.swift */; };
		A17CEE272407280F00CF4B9B /* SecondaryAttributesTableViewCell.xib in Resources */ = {isa = PBXBuildFile; fileRef = A17CEE252407280F00CF4B9B /* SecondaryAttributesTableViewCell.xib */; };
		A17CEE2A24072BEC00CF4B9B /* CastDetailViewController.swift in Sources */ = {isa = PBXBuildFile; fileRef = A17CEE2824072BEC00CF4B9B /* CastDetailViewController.swift */; };
		A17CEE2B24072BEC00CF4B9B /* CastDetailViewController.xib in Resources */ = {isa = PBXBuildFile; fileRef = A17CEE2924072BEC00CF4B9B /* CastDetailViewController.xib */; };
		A190AB9824029E6200AEC7A4 /* HouseSeatTableViewCell.swift in Sources */ = {isa = PBXBuildFile; fileRef = A190AB9624029E6200AEC7A4 /* HouseSeatTableViewCell.swift */; };
		A190AB9924029E6200AEC7A4 /* HouseSeatTableViewCell.xib in Resources */ = {isa = PBXBuildFile; fileRef = A190AB9724029E6200AEC7A4 /* HouseSeatTableViewCell.xib */; };
		A190AB9C2402AA5400AEC7A4 /* HouseWordsTableViewCell.swift in Sources */ = {isa = PBXBuildFile; fileRef = A190AB9A2402AA5400AEC7A4 /* HouseWordsTableViewCell.swift */; };
		A190AB9D2402AA5400AEC7A4 /* HouseWordsTableViewCell.xib in Resources */ = {isa = PBXBuildFile; fileRef = A190AB9B2402AA5400AEC7A4 /* HouseWordsTableViewCell.xib */; };
		A1ADC65D23FF30FF0060B33A /* houses.json in Resources */ = {isa = PBXBuildFile; fileRef = A1ADC65323FF30FE0060B33A /* houses.json */; };
		A1ADC65E23FF30FF0060B33A /* cast.json in Resources */ = {isa = PBXBuildFile; fileRef = A1ADC65423FF30FE0060B33A /* cast.json */; };
		A1ADC65F23FF30FF0060B33A /* season_4.json in Resources */ = {isa = PBXBuildFile; fileRef = A1ADC65523FF30FE0060B33A /* season_4.json */; };
		A1ADC66023FF30FF0060B33A /* season_8.json in Resources */ = {isa = PBXBuildFile; fileRef = A1ADC65623FF30FE0060B33A /* season_8.json */; };
		A1ADC66123FF30FF0060B33A /* season_5.json in Resources */ = {isa = PBXBuildFile; fileRef = A1ADC65723FF30FE0060B33A /* season_5.json */; };
		A1ADC66223FF30FF0060B33A /* season_2.json in Resources */ = {isa = PBXBuildFile; fileRef = A1ADC65823FF30FE0060B33A /* season_2.json */; };
		A1ADC66323FF30FF0060B33A /* season_1.json in Resources */ = {isa = PBXBuildFile; fileRef = A1ADC65923FF30FE0060B33A /* season_1.json */; };
		A1ADC66423FF30FF0060B33A /* season_6.json in Resources */ = {isa = PBXBuildFile; fileRef = A1ADC65A23FF30FE0060B33A /* season_6.json */; };
		A1ADC66523FF30FF0060B33A /* season_7.json in Resources */ = {isa = PBXBuildFile; fileRef = A1ADC65B23FF30FF0060B33A /* season_7.json */; };
		A1ADC66623FF30FF0060B33A /* season_3.json in Resources */ = {isa = PBXBuildFile; fileRef = A1ADC65C23FF30FF0060B33A /* season_3.json */; };
		A1B6A31F23FC827B00B48091 /* Rating.swift in Sources */ = {isa = PBXBuildFile; fileRef = A1B6A31E23FC827B00B48091 /* Rating.swift */; };
		A1C0553A23FB496B00458C75 /* CastTableViewCell.swift in Sources */ = {isa = PBXBuildFile; fileRef = A1C0553823FB496B00458C75 /* CastTableViewCell.swift */; };
		A1C0553D23FB49B500458C75 /* CastTableViewCell.xib in Resources */ = {isa = PBXBuildFile; fileRef = A1C0553C23FB49B500458C75 /* CastTableViewCell.xib */; };
		A1C0553F23FB4B8100458C75 /* Cast.swift in Sources */ = {isa = PBXBuildFile; fileRef = A1C0553E23FB4B8000458C75 /* Cast.swift */; };
		A1C0554123FB515600458C75 /* DataController.swift in Sources */ = {isa = PBXBuildFile; fileRef = A1C0554023FB515600458C75 /* DataController.swift */; };
		A1C0554323FB550A00458C75 /* House.swift in Sources */ = {isa = PBXBuildFile; fileRef = A1C0554223FB550A00458C75 /* House.swift */; };
		A1C1CCF523F34BDF002BE504 /* AppDelegate.swift in Sources */ = {isa = PBXBuildFile; fileRef = A1C1CCF423F34BDF002BE504 /* AppDelegate.swift */; };
		A1C1CCF723F34BDF002BE504 /* SceneDelegate.swift in Sources */ = {isa = PBXBuildFile; fileRef = A1C1CCF623F34BDF002BE504 /* SceneDelegate.swift */; };
		A1C1CD0123F34BE3002BE504 /* LaunchScreen.storyboard in Resources */ = {isa = PBXBuildFile; fileRef = A1C1CCFF23F34BE3002BE504 /* LaunchScreen.storyboard */; };
		A1C1CD0C23F34BE3002BE504 /* AppOfThronesTests.swift in Sources */ = {isa = PBXBuildFile; fileRef = A1C1CD0B23F34BE3002BE504 /* AppOfThronesTests.swift */; };
		A1C3E3962400523B0093536E /* CustomSplitViewController.swift in Sources */ = {isa = PBXBuildFile; fileRef = A1C3E3952400523B0093536E /* CustomSplitViewController.swift */; };
		A1C3E3992400652C0093536E /* SplashView.swift in Sources */ = {isa = PBXBuildFile; fileRef = A1C3E3982400652C0093536E /* SplashView.swift */; };
		A1C3E39B240065390093536E /* AnimationType.swift in Sources */ = {isa = PBXBuildFile; fileRef = A1C3E39A240065390093536E /* AnimationType.swift */; };
		A1C3E39D240065440093536E /* SplashAnimation.swift in Sources */ = {isa = PBXBuildFile; fileRef = A1C3E39C240065440093536E /* SplashAnimation.swift */; };
		A1C3E39F240069A80093536E /* Assets.xcassets in Resources */ = {isa = PBXBuildFile; fileRef = A1C3E39E240069A70093536E /* Assets.xcassets */; };
		A1C3E3AB240071DB0093536E /* Dragon.m4a in Resources */ = {isa = PBXBuildFile; fileRef = A1C3E3A7240071DB0093536E /* Dragon.m4a */; };
		A1C3E3AC240071DB0093536E /* Wings.m4a in Resources */ = {isa = PBXBuildFile; fileRef = A1C3E3A8240071DB0093536E /* Wings.m4a */; };
		A1C3E3AD240071DB0093536E /* SteadyConcertBassDrums.m4a in Resources */ = {isa = PBXBuildFile; fileRef = A1C3E3A9240071DB0093536E /* SteadyConcertBassDrums.m4a */; };
		A1C3E3AE240071DB0093536E /* IcyWinds.m4a in Resources */ = {isa = PBXBuildFile; fileRef = A1C3E3AA240071DB0093536E /* IcyWinds.m4a */; };
		A1C3E3B7240150E70093536E /* EpisodeViewController.swift in Sources */ = {isa = PBXBuildFile; fileRef = A1C3E3AF240150E50093536E /* EpisodeViewController.swift */; };
		A1C3E3B8240150E70093536E /* EpisodeViewController.xib in Resources */ = {isa = PBXBuildFile; fileRef = A1C3E3B0240150E50093536E /* EpisodeViewController.xib */; };
		A1C3E3B9240150E70093536E /* EpisodeDetailViewController.swift in Sources */ = {isa = PBXBuildFile; fileRef = A1C3E3B1240150E50093536E /* EpisodeDetailViewController.swift */; };
		A1C3E3BA240150E70093536E /* EpisodeTableViewCell.swift in Sources */ = {isa = PBXBuildFile; fileRef = A1C3E3B2240150E60093536E /* EpisodeTableViewCell.swift */; };
		A1C3E3BB240150E70093536E /* EpisodeTableViewCell.xib in Resources */ = {isa = PBXBuildFile; fileRef = A1C3E3B3240150E60093536E /* EpisodeTableViewCell.xib */; };
		A1C3E3BC240150E70093536E /* EpisodeDetailViewController.xib in Resources */ = {isa = PBXBuildFile; fileRef = A1C3E3B4240150E60093536E /* EpisodeDetailViewController.xib */; };
		A1CE16992401A36000C343BF /* HouseImageTableViewCell.swift in Sources */ = {isa = PBXBuildFile; fileRef = A1CE16972401A36000C343BF /* HouseImageTableViewCell.swift */; };
		A1CE169A2401A36000C343BF /* HouseImageTableViewCell.xib in Resources */ = {isa = PBXBuildFile; fileRef = A1CE16982401A36000C343BF /* HouseImageTableViewCell.xib */; };
		A1DB453823FF0A5B00CCD1D8 /* HouseDetailViewController.xib in Resources */ = {isa = PBXBuildFile; fileRef = A1DB453623FF0A5B00CCD1D8 /* HouseDetailViewController.xib */; };
		A1DB453923FF0A5B00CCD1D8 /* HouseDetailViewController.swift in Sources */ = {isa = PBXBuildFile; fileRef = A1DB453723FF0A5B00CCD1D8 /* HouseDetailViewController.swift */; };
		A1F246F323FBEBBA00F6B3AE /* HouseTableViewCell.xib in Resources */ = {isa = PBXBuildFile; fileRef = A1F246F123FBEBB900F6B3AE /* HouseTableViewCell.xib */; };
		A1F246F423FBEBBA00F6B3AE /* HouseTableViewCell.swift in Sources */ = {isa = PBXBuildFile; fileRef = A1F246F223FBEBB900F6B3AE /* HouseTableViewCell.swift */; };
/* End PBXBuildFile section */

/* Begin PBXContainerItemProxy section */
		A1C1CD0823F34BE3002BE504 /* PBXContainerItemProxy */ = {
			isa = PBXContainerItemProxy;
			containerPortal = A1C1CCE923F34BDF002BE504 /* Project object */;
			proxyType = 1;
			remoteGlobalIDString = A1C1CCF023F34BDF002BE504;
			remoteInfo = AppOfThrones;
		};
/* End PBXContainerItemProxy section */

/* Begin PBXFileReference section */
		A107ED7B240C284D00FF54B9 /* RateViewController.xib */ = {isa = PBXFileReference; fileEncoding = 4; lastKnownFileType = file.xib; path = RateViewController.xib; sourceTree = "<group>"; };
		A107ED7C240C284E00FF54B9 /* RateViewController.swift */ = {isa = PBXFileReference; fileEncoding = 4; lastKnownFileType = sourcecode.swift; path = RateViewController.swift; sourceTree = "<group>"; };
		A11377972405D9CF00AE8E02 /* EpisodeDateSeasonTableViewCell.swift */ = {isa = PBXFileReference; lastKnownFileType = sourcecode.swift; path = EpisodeDateSeasonTableViewCell.swift; sourceTree = "<group>"; };
		A11377982405D9CF00AE8E02 /* EpisodeDateSeasonTableViewCell.xib */ = {isa = PBXFileReference; lastKnownFileType = file.xib; path = EpisodeDateSeasonTableViewCell.xib; sourceTree = "<group>"; };
		A113779B2405D9EF00AE8E02 /* EpisodeOverviewTableViewCell.swift */ = {isa = PBXFileReference; lastKnownFileType = sourcecode.swift; path = EpisodeOverviewTableViewCell.swift; sourceTree = "<group>"; };
		A113779C2405D9EF00AE8E02 /* EpisodeOverviewTableViewCell.xib */ = {isa = PBXFileReference; lastKnownFileType = file.xib; path = EpisodeOverviewTableViewCell.xib; sourceTree = "<group>"; };
		A13995E5240487C9007CBE33 /* EpisodeImageTableViewCell.swift */ = {isa = PBXFileReference; lastKnownFileType = sourcecode.swift; path = EpisodeImageTableViewCell.swift; sourceTree = "<group>"; };
		A13995E6240487C9007CBE33 /* EpisodeImageTableViewCell.xib */ = {isa = PBXFileReference; lastKnownFileType = file.xib; path = EpisodeImageTableViewCell.xib; sourceTree = "<group>"; };
		A13C40152409DCA900E4FF0D /* FavoritesViewController.swift */ = {isa = PBXFileReference; lastKnownFileType = sourcecode.swift; path = FavoritesViewController.swift; sourceTree = "<group>"; };
		A13C40162409DCA900E4FF0D /* FavoritesViewController.xib */ = {isa = PBXFileReference; lastKnownFileType = file.xib; path = FavoritesViewController.xib; sourceTree = "<group>"; };
		A1437ED423F6023500E8784B /* CastViewController.xib */ = {isa = PBXFileReference; lastKnownFileType = file.xib; path = CastViewController.xib; sourceTree = "<group>"; };
		A1437ED623F6024900E8784B /* CastViewController.swift */ = {isa = PBXFileReference; lastKnownFileType = sourcecode.swift; path = CastViewController.swift; sourceTree = "<group>"; };
		A1437ED823F602BC00E8784B /* SettingsViewController.swift */ = {isa = PBXFileReference; lastKnownFileType = sourcecode.swift; path = SettingsViewController.swift; sourceTree = "<group>"; };
		A1437EDA23F602D200E8784B /* SettingsViewController.xib */ = {isa = PBXFileReference; lastKnownFileType = file.xib; path = SettingsViewController.xib; sourceTree = "<group>"; };
		A1437EDD23F605AB00E8784B /* HouseViewController.swift */ = {isa = PBXFileReference; lastKnownFileType = sourcecode.swift; path = HouseViewController.swift; sourceTree = "<group>"; };
		A1437EDE23F605AB00E8784B /* HouseViewController.xib */ = {isa = PBXFileReference; lastKnownFileType = file.xib; path = HouseViewController.xib; sourceTree = "<group>"; };
		A177979823F5F41A0043D3DF /* Episode.swift */ = {isa = PBXFileReference; lastKnownFileType = sourcecode.swift; path = Episode.swift; sourceTree = "<group>"; };
		A17CEE1C2407273000CF4B9B /* ImageTableViewCell.swift */ = {isa = PBXFileReference; lastKnownFileType = sourcecode.swift; path = ImageTableViewCell.swift; sourceTree = "<group>"; };
		A17CEE1D2407273000CF4B9B /* ImageTableViewCell.xib */ = {isa = PBXFileReference; lastKnownFileType = file.xib; path = ImageTableViewCell.xib; sourceTree = "<group>"; };
		A17CEE20240727C100CF4B9B /* MainAttributesTableViewCell.swift */ = {isa = PBXFileReference; lastKnownFileType = sourcecode.swift; path = MainAttributesTableViewCell.swift; sourceTree = "<group>"; };
		A17CEE21240727C100CF4B9B /* MainAttributesTableViewCell.xib */ = {isa = PBXFileReference; lastKnownFileType = file.xib; path = MainAttributesTableViewCell.xib; sourceTree = "<group>"; };
		A17CEE242407280F00CF4B9B /* SecondaryAttributesTableViewCell.swift */ = {isa = PBXFileReference; lastKnownFileType = sourcecode.swift; path = SecondaryAttributesTableViewCell.swift; sourceTree = "<group>"; };
		A17CEE252407280F00CF4B9B /* SecondaryAttributesTableViewCell.xib */ = {isa = PBXFileReference; lastKnownFileType = file.xib; path = SecondaryAttributesTableViewCell.xib; sourceTree = "<group>"; };
		A17CEE2824072BEC00CF4B9B /* CastDetailViewController.swift */ = {isa = PBXFileReference; lastKnownFileType = sourcecode.swift; path = CastDetailViewController.swift; sourceTree = "<group>"; };
		A17CEE2924072BEC00CF4B9B /* CastDetailViewController.xib */ = {isa = PBXFileReference; lastKnownFileType = file.xib; path = CastDetailViewController.xib; sourceTree = "<group>"; };
		A190AB9624029E6200AEC7A4 /* HouseSeatTableViewCell.swift */ = {isa = PBXFileReference; lastKnownFileType = sourcecode.swift; path = HouseSeatTableViewCell.swift; sourceTree = "<group>"; };
		A190AB9724029E6200AEC7A4 /* HouseSeatTableViewCell.xib */ = {isa = PBXFileReference; lastKnownFileType = file.xib; path = HouseSeatTableViewCell.xib; sourceTree = "<group>"; };
		A190AB9A2402AA5400AEC7A4 /* HouseWordsTableViewCell.swift */ = {isa = PBXFileReference; lastKnownFileType = sourcecode.swift; path = HouseWordsTableViewCell.swift; sourceTree = "<group>"; };
		A190AB9B2402AA5400AEC7A4 /* HouseWordsTableViewCell.xib */ = {isa = PBXFileReference; lastKnownFileType = file.xib; path = HouseWordsTableViewCell.xib; sourceTree = "<group>"; };
		A1ADC65323FF30FE0060B33A /* houses.json */ = {isa = PBXFileReference; fileEncoding = 4; lastKnownFileType = text.json; path = houses.json; sourceTree = "<group>"; };
		A1ADC65423FF30FE0060B33A /* cast.json */ = {isa = PBXFileReference; fileEncoding = 4; lastKnownFileType = text.json; path = cast.json; sourceTree = "<group>"; };
		A1ADC65523FF30FE0060B33A /* season_4.json */ = {isa = PBXFileReference; fileEncoding = 4; lastKnownFileType = text.json; path = season_4.json; sourceTree = "<group>"; };
		A1ADC65623FF30FE0060B33A /* season_8.json */ = {isa = PBXFileReference; fileEncoding = 4; lastKnownFileType = text.json; path = season_8.json; sourceTree = "<group>"; };
		A1ADC65723FF30FE0060B33A /* season_5.json */ = {isa = PBXFileReference; fileEncoding = 4; lastKnownFileType = text.json; path = season_5.json; sourceTree = "<group>"; };
		A1ADC65823FF30FE0060B33A /* season_2.json */ = {isa = PBXFileReference; fileEncoding = 4; lastKnownFileType = text.json; path = season_2.json; sourceTree = "<group>"; };
		A1ADC65923FF30FE0060B33A /* season_1.json */ = {isa = PBXFileReference; fileEncoding = 4; lastKnownFileType = text.json; path = season_1.json; sourceTree = "<group>"; };
		A1ADC65A23FF30FE0060B33A /* season_6.json */ = {isa = PBXFileReference; fileEncoding = 4; lastKnownFileType = text.json; path = season_6.json; sourceTree = "<group>"; };
		A1ADC65B23FF30FF0060B33A /* season_7.json */ = {isa = PBXFileReference; fileEncoding = 4; lastKnownFileType = text.json; path = season_7.json; sourceTree = "<group>"; };
		A1ADC65C23FF30FF0060B33A /* season_3.json */ = {isa = PBXFileReference; fileEncoding = 4; lastKnownFileType = text.json; path = season_3.json; sourceTree = "<group>"; };
		A1B6A31E23FC827B00B48091 /* Rating.swift */ = {isa = PBXFileReference; lastKnownFileType = sourcecode.swift; path = Rating.swift; sourceTree = "<group>"; };
		A1C0553823FB496B00458C75 /* CastTableViewCell.swift */ = {isa = PBXFileReference; lastKnownFileType = sourcecode.swift; path = CastTableViewCell.swift; sourceTree = "<group>"; };
		A1C0553C23FB49B500458C75 /* CastTableViewCell.xib */ = {isa = PBXFileReference; fileEncoding = 4; lastKnownFileType = file.xib; path = CastTableViewCell.xib; sourceTree = "<group>"; };
		A1C0553E23FB4B8000458C75 /* Cast.swift */ = {isa = PBXFileReference; fileEncoding = 4; lastKnownFileType = sourcecode.swift; path = Cast.swift; sourceTree = "<group>"; };
		A1C0554023FB515600458C75 /* DataController.swift */ = {isa = PBXFileReference; lastKnownFileType = sourcecode.swift; path = DataController.swift; sourceTree = "<group>"; };
		A1C0554223FB550A00458C75 /* House.swift */ = {isa = PBXFileReference; fileEncoding = 4; lastKnownFileType = sourcecode.swift; path = House.swift; sourceTree = "<group>"; };
		A1C1CCF123F34BDF002BE504 /* AppOfThrones.app */ = {isa = PBXFileReference; explicitFileType = wrapper.application; includeInIndex = 0; path = AppOfThrones.app; sourceTree = BUILT_PRODUCTS_DIR; };
		A1C1CCF423F34BDF002BE504 /* AppDelegate.swift */ = {isa = PBXFileReference; lastKnownFileType = sourcecode.swift; path = AppDelegate.swift; sourceTree = "<group>"; };
		A1C1CCF623F34BDF002BE504 /* SceneDelegate.swift */ = {isa = PBXFileReference; lastKnownFileType = sourcecode.swift; path = SceneDelegate.swift; sourceTree = "<group>"; };
		A1C1CD0023F34BE3002BE504 /* Base */ = {isa = PBXFileReference; lastKnownFileType = file.storyboard; name = Base; path = Base.lproj/LaunchScreen.storyboard; sourceTree = "<group>"; };
		A1C1CD0223F34BE3002BE504 /* Info.plist */ = {isa = PBXFileReference; lastKnownFileType = text.plist.xml; path = Info.plist; sourceTree = "<group>"; };
		A1C1CD0723F34BE3002BE504 /* AppOfThronesTests.xctest */ = {isa = PBXFileReference; explicitFileType = wrapper.cfbundle; includeInIndex = 0; path = AppOfThronesTests.xctest; sourceTree = BUILT_PRODUCTS_DIR; };
		A1C1CD0B23F34BE3002BE504 /* AppOfThronesTests.swift */ = {isa = PBXFileReference; lastKnownFileType = sourcecode.swift; path = AppOfThronesTests.swift; sourceTree = "<group>"; };
		A1C1CD0D23F34BE3002BE504 /* Info.plist */ = {isa = PBXFileReference; lastKnownFileType = text.plist.xml; path = Info.plist; sourceTree = "<group>"; };
		A1C3E3952400523B0093536E /* CustomSplitViewController.swift */ = {isa = PBXFileReference; fileEncoding = 4; lastKnownFileType = sourcecode.swift; path = CustomSplitViewController.swift; sourceTree = "<group>"; };
		A1C3E3982400652C0093536E /* SplashView.swift */ = {isa = PBXFileReference; fileEncoding = 4; lastKnownFileType = sourcecode.swift; path = SplashView.swift; sourceTree = "<group>"; };
		A1C3E39A240065390093536E /* AnimationType.swift */ = {isa = PBXFileReference; fileEncoding = 4; lastKnownFileType = sourcecode.swift; path = AnimationType.swift; sourceTree = "<group>"; };
		A1C3E39C240065440093536E /* SplashAnimation.swift */ = {isa = PBXFileReference; fileEncoding = 4; lastKnownFileType = sourcecode.swift; path = SplashAnimation.swift; sourceTree = "<group>"; };
		A1C3E39E240069A70093536E /* Assets.xcassets */ = {isa = PBXFileReference; lastKnownFileType = folder.assetcatalog; path = Assets.xcassets; sourceTree = "<group>"; };
		A1C3E3A7240071DB0093536E /* Dragon.m4a */ = {isa = PBXFileReference; lastKnownFileType = file; path = Dragon.m4a; sourceTree = "<group>"; };
		A1C3E3A8240071DB0093536E /* Wings.m4a */ = {isa = PBXFileReference; lastKnownFileType = file; path = Wings.m4a; sourceTree = "<group>"; };
		A1C3E3A9240071DB0093536E /* SteadyConcertBassDrums.m4a */ = {isa = PBXFileReference; lastKnownFileType = file; path = SteadyConcertBassDrums.m4a; sourceTree = "<group>"; };
		A1C3E3AA240071DB0093536E /* IcyWinds.m4a */ = {isa = PBXFileReference; lastKnownFileType = file; path = IcyWinds.m4a; sourceTree = "<group>"; };
		A1C3E3AF240150E50093536E /* EpisodeViewController.swift */ = {isa = PBXFileReference; fileEncoding = 4; lastKnownFileType = sourcecode.swift; path = EpisodeViewController.swift; sourceTree = "<group>"; };
		A1C3E3B0240150E50093536E /* EpisodeViewController.xib */ = {isa = PBXFileReference; fileEncoding = 4; lastKnownFileType = file.xib; path = EpisodeViewController.xib; sourceTree = "<group>"; };
		A1C3E3B1240150E50093536E /* EpisodeDetailViewController.swift */ = {isa = PBXFileReference; fileEncoding = 4; lastKnownFileType = sourcecode.swift; path = EpisodeDetailViewController.swift; sourceTree = "<group>"; };
		A1C3E3B2240150E60093536E /* EpisodeTableViewCell.swift */ = {isa = PBXFileReference; fileEncoding = 4; lastKnownFileType = sourcecode.swift; path = EpisodeTableViewCell.swift; sourceTree = "<group>"; };
		A1C3E3B3240150E60093536E /* EpisodeTableViewCell.xib */ = {isa = PBXFileReference; fileEncoding = 4; lastKnownFileType = file.xib; path = EpisodeTableViewCell.xib; sourceTree = "<group>"; };
		A1C3E3B4240150E60093536E /* EpisodeDetailViewController.xib */ = {isa = PBXFileReference; fileEncoding = 4; lastKnownFileType = file.xib; path = EpisodeDetailViewController.xib; sourceTree = "<group>"; };
		A1CE16972401A36000C343BF /* HouseImageTableViewCell.swift */ = {isa = PBXFileReference; lastKnownFileType = sourcecode.swift; path = HouseImageTableViewCell.swift; sourceTree = "<group>"; };
		A1CE16982401A36000C343BF /* HouseImageTableViewCell.xib */ = {isa = PBXFileReference; lastKnownFileType = file.xib; path = HouseImageTableViewCell.xib; sourceTree = "<group>"; };
		A1DB453623FF0A5B00CCD1D8 /* HouseDetailViewController.xib */ = {isa = PBXFileReference; fileEncoding = 4; lastKnownFileType = file.xib; path = HouseDetailViewController.xib; sourceTree = "<group>"; };
		A1DB453723FF0A5B00CCD1D8 /* HouseDetailViewController.swift */ = {isa = PBXFileReference; fileEncoding = 4; lastKnownFileType = sourcecode.swift; path = HouseDetailViewController.swift; sourceTree = "<group>"; };
		A1F246F123FBEBB900F6B3AE /* HouseTableViewCell.xib */ = {isa = PBXFileReference; fileEncoding = 4; lastKnownFileType = file.xib; path = HouseTableViewCell.xib; sourceTree = "<group>"; };
		A1F246F223FBEBB900F6B3AE /* HouseTableViewCell.swift */ = {isa = PBXFileReference; fileEncoding = 4; lastKnownFileType = sourcecode.swift; path = HouseTableViewCell.swift; sourceTree = "<group>"; };
/* End PBXFileReference section */

/* Begin PBXFrameworksBuildPhase section */
		A1C1CCEE23F34BDF002BE504 /* Frameworks */ = {
			isa = PBXFrameworksBuildPhase;
			buildActionMask = 2147483647;
			files = (
			);
			runOnlyForDeploymentPostprocessing = 0;
		};
		A1C1CD0423F34BE3002BE504 /* Frameworks */ = {
			isa = PBXFrameworksBuildPhase;
			buildActionMask = 2147483647;
			files = (
			);
			runOnlyForDeploymentPostprocessing = 0;
		};
/* End PBXFrameworksBuildPhase section */

/* Begin PBXGroup section */
		A1437ED223F601F400E8784B /* Cast */ = {
			isa = PBXGroup;
			children = (
				A17CEE1B2407270000CF4B9B /* DetailCells */,
				A1437ED423F6023500E8784B /* CastViewController.xib */,
				A1437ED623F6024900E8784B /* CastViewController.swift */,
				A1C0553823FB496B00458C75 /* CastTableViewCell.swift */,
				A1C0553C23FB49B500458C75 /* CastTableViewCell.xib */,
				A17CEE2824072BEC00CF4B9B /* CastDetailViewController.swift */,
				A17CEE2924072BEC00CF4B9B /* CastDetailViewController.xib */,
			);
			path = Cast;
			sourceTree = "<group>";
		};
		A1437ED323F601FF00E8784B /* Settings */ = {
			isa = PBXGroup;
			children = (
				A1437ED823F602BC00E8784B /* SettingsViewController.swift */,
				A1437EDA23F602D200E8784B /* SettingsViewController.xib */,
			);
			path = Settings;
			sourceTree = "<group>";
		};
		A1437EDC23F6058600E8784B /* Houses */ = {
			isa = PBXGroup;
			children = (
				A1CE169224019DE100C343BF /* DetailCells */,
				A1437EDD23F605AB00E8784B /* HouseViewController.swift */,
				A1437EDE23F605AB00E8784B /* HouseViewController.xib */,
				A1F246F223FBEBB900F6B3AE /* HouseTableViewCell.swift */,
				A1F246F123FBEBB900F6B3AE /* HouseTableViewCell.xib */,
				A1DB453723FF0A5B00CCD1D8 /* HouseDetailViewController.swift */,
				A1DB453623FF0A5B00CCD1D8 /* HouseDetailViewController.xib */,
			);
			path = Houses;
			sourceTree = "<group>";
		};
		A177979623F5F0920043D3DF /* Episodes */ = {
			isa = PBXGroup;
			children = (
				A1CE169124019D3600C343BF /* DetailCells */,
				A1C3E3B1240150E50093536E /* EpisodeDetailViewController.swift */,
				A1C3E3B4240150E60093536E /* EpisodeDetailViewController.xib */,
				A1C3E3B2240150E60093536E /* EpisodeTableViewCell.swift */,
				A1C3E3B3240150E60093536E /* EpisodeTableViewCell.xib */,
				A1C3E3AF240150E50093536E /* EpisodeViewController.swift */,
				A1C3E3B0240150E50093536E /* EpisodeViewController.xib */,
				A107ED7C240C284E00FF54B9 /* RateViewController.swift */,
				A107ED7B240C284D00FF54B9 /* RateViewController.xib */,
			);
			path = Episodes;
			sourceTree = "<group>";
		};
		A177979723F5F3F00043D3DF /* Model */ = {
			isa = PBXGroup;
			children = (
				A1C0553E23FB4B8000458C75 /* Cast.swift */,
				A177979823F5F41A0043D3DF /* Episode.swift */,
				A1C0554223FB550A00458C75 /* House.swift */,
				A1B6A31E23FC827B00B48091 /* Rating.swift */,
			);
			path = Model;
			sourceTree = "<group>";
		};
		A17CEE1B2407270000CF4B9B /* DetailCells */ = {
			isa = PBXGroup;
			children = (
				A17CEE1C2407273000CF4B9B /* ImageTableViewCell.swift */,
				A17CEE1D2407273000CF4B9B /* ImageTableViewCell.xib */,
				A17CEE20240727C100CF4B9B /* MainAttributesTableViewCell.swift */,
				A17CEE21240727C100CF4B9B /* MainAttributesTableViewCell.xib */,
				A17CEE242407280F00CF4B9B /* SecondaryAttributesTableViewCell.swift */,
				A17CEE252407280F00CF4B9B /* SecondaryAttributesTableViewCell.xib */,
			);
			path = DetailCells;
			sourceTree = "<group>";
		};
		A1ADC65223FF30D30060B33A /* Data */ = {
			isa = PBXGroup;
			children = (
				A1C0554023FB515600458C75 /* DataController.swift */,
				A1ADC65423FF30FE0060B33A /* cast.json */,
				A1ADC65323FF30FE0060B33A /* houses.json */,
				A1ADC65923FF30FE0060B33A /* season_1.json */,
				A1ADC65823FF30FE0060B33A /* season_2.json */,
				A1ADC65C23FF30FF0060B33A /* season_3.json */,
				A1ADC65523FF30FE0060B33A /* season_4.json */,
				A1ADC65723FF30FE0060B33A /* season_5.json */,
				A1ADC65A23FF30FE0060B33A /* season_6.json */,
				A1ADC65B23FF30FF0060B33A /* season_7.json */,
				A1ADC65623FF30FE0060B33A /* season_8.json */,
			);
			path = Data;
			sourceTree = "<group>";
		};
		A1C1CCE823F34BDF002BE504 = {
			isa = PBXGroup;
			children = (
				A1C1CCF323F34BDF002BE504 /* AppOfThrones */,
				A1C1CD0A23F34BE3002BE504 /* AppOfThronesTests */,
				A1C1CCF223F34BDF002BE504 /* Products */,
			);
			sourceTree = "<group>";
		};
		A1C1CCF223F34BDF002BE504 /* Products */ = {
			isa = PBXGroup;
			children = (
				A1C1CCF123F34BDF002BE504 /* AppOfThrones.app */,
				A1C1CD0723F34BE3002BE504 /* AppOfThronesTests.xctest */,
			);
			name = Products;
			sourceTree = "<group>";
		};
		A1C1CCF323F34BDF002BE504 /* AppOfThrones */ = {
			isa = PBXGroup;
			children = (
				A1C3E3A2240071B00093536E /* Sounds */,
				A1C3E39E240069A70093536E /* Assets.xcassets */,
				A1C3E397240065150093536E /* Animations */,
				A1ADC65223FF30D30060B33A /* Data */,
				A177979623F5F0920043D3DF /* Episodes */,
				A1437ED223F601F400E8784B /* Cast */,
				A1437EDC23F6058600E8784B /* Houses */,
				A1EA29A224008AAC002560AF /* Favorites */,
				A1437ED323F601FF00E8784B /* Settings */,
				A177979723F5F3F00043D3DF /* Model */,
				A1C1CCF423F34BDF002BE504 /* AppDelegate.swift */,
				A1C1CCF623F34BDF002BE504 /* SceneDelegate.swift */,
				A1C3E3952400523B0093536E /* CustomSplitViewController.swift */,
				A1C1CCFF23F34BE3002BE504 /* LaunchScreen.storyboard */,
				A1C1CD0223F34BE3002BE504 /* Info.plist */,
			);
			path = AppOfThrones;
			sourceTree = "<group>";
		};
		A1C1CD0A23F34BE3002BE504 /* AppOfThronesTests */ = {
			isa = PBXGroup;
			children = (
				A1C1CD0B23F34BE3002BE504 /* AppOfThronesTests.swift */,
				A1C1CD0D23F34BE3002BE504 /* Info.plist */,
			);
			path = AppOfThronesTests;
			sourceTree = "<group>";
		};
		A1C3E397240065150093536E /* Animations */ = {
			isa = PBXGroup;
			children = (
				A1C3E39C240065440093536E /* SplashAnimation.swift */,
				A1C3E39A240065390093536E /* AnimationType.swift */,
				A1C3E3982400652C0093536E /* SplashView.swift */,
			);
			path = Animations;
			sourceTree = "<group>";
		};
		A1C3E3A2240071B00093536E /* Sounds */ = {
			isa = PBXGroup;
			children = (
				A1C3E3A8240071DB0093536E /* Wings.m4a */,
				A1C3E3A7240071DB0093536E /* Dragon.m4a */,
				A1C3E3AA240071DB0093536E /* IcyWinds.m4a */,
				A1C3E3A9240071DB0093536E /* SteadyConcertBassDrums.m4a */,
			);
			path = Sounds;
			sourceTree = "<group>";
		};
		A1CE169124019D3600C343BF /* DetailCells */ = {
			isa = PBXGroup;
			children = (
				A13995E5240487C9007CBE33 /* EpisodeImageTableViewCell.swift */,
				A13995E6240487C9007CBE33 /* EpisodeImageTableViewCell.xib */,
				A11377972405D9CF00AE8E02 /* EpisodeDateSeasonTableViewCell.swift */,
				A11377982405D9CF00AE8E02 /* EpisodeDateSeasonTableViewCell.xib */,
				A113779B2405D9EF00AE8E02 /* EpisodeOverviewTableViewCell.swift */,
				A113779C2405D9EF00AE8E02 /* EpisodeOverviewTableViewCell.xib */,
			);
			path = DetailCells;
			sourceTree = "<group>";
		};
		A1CE169224019DE100C343BF /* DetailCells */ = {
			isa = PBXGroup;
			children = (
				A1CE16972401A36000C343BF /* HouseImageTableViewCell.swift */,
				A1CE16982401A36000C343BF /* HouseImageTableViewCell.xib */,
				A190AB9624029E6200AEC7A4 /* HouseSeatTableViewCell.swift */,
				A190AB9724029E6200AEC7A4 /* HouseSeatTableViewCell.xib */,
				A190AB9A2402AA5400AEC7A4 /* HouseWordsTableViewCell.swift */,
				A190AB9B2402AA5400AEC7A4 /* HouseWordsTableViewCell.xib */,
			);
			path = DetailCells;
			sourceTree = "<group>";
		};
		A1EA29A224008AAC002560AF /* Favorites */ = {
			isa = PBXGroup;
			children = (
				A13C40152409DCA900E4FF0D /* FavoritesViewController.swift */,
				A13C40162409DCA900E4FF0D /* FavoritesViewController.xib */,
			);
			path = Favorites;
			sourceTree = "<group>";
		};
/* End PBXGroup section */

/* Begin PBXNativeTarget section */
		A1C1CCF023F34BDF002BE504 /* AppOfThrones */ = {
			isa = PBXNativeTarget;
			buildConfigurationList = A1C1CD1023F34BE3002BE504 /* Build configuration list for PBXNativeTarget "AppOfThrones" */;
			buildPhases = (
				A1C1CCED23F34BDF002BE504 /* Sources */,
				A1C1CCEE23F34BDF002BE504 /* Frameworks */,
				A1C1CCEF23F34BDF002BE504 /* Resources */,
			);
			buildRules = (
			);
			dependencies = (
			);
			name = AppOfThrones;
			productName = AppOfThrones;
			productReference = A1C1CCF123F34BDF002BE504 /* AppOfThrones.app */;
			productType = "com.apple.product-type.application";
		};
		A1C1CD0623F34BE3002BE504 /* AppOfThronesTests */ = {
			isa = PBXNativeTarget;
			buildConfigurationList = A1C1CD1323F34BE3002BE504 /* Build configuration list for PBXNativeTarget "AppOfThronesTests" */;
			buildPhases = (
				A1C1CD0323F34BE3002BE504 /* Sources */,
				A1C1CD0423F34BE3002BE504 /* Frameworks */,
				A1C1CD0523F34BE3002BE504 /* Resources */,
			);
			buildRules = (
			);
			dependencies = (
				A1C1CD0923F34BE3002BE504 /* PBXTargetDependency */,
			);
			name = AppOfThronesTests;
			productName = AppOfThronesTests;
			productReference = A1C1CD0723F34BE3002BE504 /* AppOfThronesTests.xctest */;
			productType = "com.apple.product-type.bundle.unit-test";
		};
/* End PBXNativeTarget section */

/* Begin PBXProject section */
		A1C1CCE923F34BDF002BE504 /* Project object */ = {
			isa = PBXProject;
			attributes = {
				LastSwiftUpdateCheck = 1130;
				LastUpgradeCheck = 1130;
				ORGANIZATIONNAME = "Fran González";
				TargetAttributes = {
					A1C1CCF023F34BDF002BE504 = {
						CreatedOnToolsVersion = 11.3.1;
					};
					A1C1CD0623F34BE3002BE504 = {
						CreatedOnToolsVersion = 11.3.1;
						TestTargetID = A1C1CCF023F34BDF002BE504;
					};
				};
			};
			buildConfigurationList = A1C1CCEC23F34BDF002BE504 /* Build configuration list for PBXProject "AppOfThrones" */;
			compatibilityVersion = "Xcode 9.3";
			developmentRegion = en;
			hasScannedForEncodings = 0;
			knownRegions = (
				en,
				Base,
			);
			mainGroup = A1C1CCE823F34BDF002BE504;
			productRefGroup = A1C1CCF223F34BDF002BE504 /* Products */;
			projectDirPath = "";
			projectRoot = "";
			targets = (
				A1C1CCF023F34BDF002BE504 /* AppOfThrones */,
				A1C1CD0623F34BE3002BE504 /* AppOfThronesTests */,
			);
		};
/* End PBXProject section */

/* Begin PBXResourcesBuildPhase section */
		A1C1CCEF23F34BDF002BE504 /* Resources */ = {
			isa = PBXResourcesBuildPhase;
			buildActionMask = 2147483647;
			files = (
				A1ADC65F23FF30FF0060B33A /* season_4.json in Resources */,
				A190AB9D2402AA5400AEC7A4 /* HouseWordsTableViewCell.xib in Resources */,
				A1437EDB23F602D200E8784B /* SettingsViewController.xib in Resources */,
				A1C0553D23FB49B500458C75 /* CastTableViewCell.xib in Resources */,
				A17CEE2B24072BEC00CF4B9B /* CastDetailViewController.xib in Resources */,
				A113779A2405D9CF00AE8E02 /* EpisodeDateSeasonTableViewCell.xib in Resources */,
				A1C3E3BB240150E70093536E /* EpisodeTableViewCell.xib in Resources */,
				A107ED7D240C284E00FF54B9 /* RateViewController.xib in Resources */,
				A1CE169A2401A36000C343BF /* HouseImageTableViewCell.xib in Resources */,
				A17CEE1F2407273000CF4B9B /* ImageTableViewCell.xib in Resources */,
				A1C3E3B8240150E70093536E /* EpisodeViewController.xib in Resources */,
				A1C1CD0123F34BE3002BE504 /* LaunchScreen.storyboard in Resources */,
				A13C40182409DCA900E4FF0D /* FavoritesViewController.xib in Resources */,
				A1ADC66023FF30FF0060B33A /* season_8.json in Resources */,
				A17CEE272407280F00CF4B9B /* SecondaryAttributesTableViewCell.xib in Resources */,
				A1C3E39F240069A80093536E /* Assets.xcassets in Resources */,
				A1ADC66123FF30FF0060B33A /* season_5.json in Resources */,
				A190AB9924029E6200AEC7A4 /* HouseSeatTableViewCell.xib in Resources */,
				A113779E2405D9EF00AE8E02 /* EpisodeOverviewTableViewCell.xib in Resources */,
				A1C3E3AE240071DB0093536E /* IcyWinds.m4a in Resources */,
				A1C3E3BC240150E70093536E /* EpisodeDetailViewController.xib in Resources */,
				A1C3E3AB240071DB0093536E /* Dragon.m4a in Resources */,
				A1ADC66523FF30FF0060B33A /* season_7.json in Resources */,
				A1ADC66623FF30FF0060B33A /* season_3.json in Resources */,
				A1437ED523F6023500E8784B /* CastViewController.xib in Resources */,
				A1C3E3AD240071DB0093536E /* SteadyConcertBassDrums.m4a in Resources */,
				A1ADC65E23FF30FF0060B33A /* cast.json in Resources */,
				A1437EE023F605AB00E8784B /* HouseViewController.xib in Resources */,
				A13995E8240487C9007CBE33 /* EpisodeImageTableViewCell.xib in Resources */,
				A1ADC66423FF30FF0060B33A /* season_6.json in Resources */,
				A1F246F323FBEBBA00F6B3AE /* HouseTableViewCell.xib in Resources */,
				A1C3E3AC240071DB0093536E /* Wings.m4a in Resources */,
				A1DB453823FF0A5B00CCD1D8 /* HouseDetailViewController.xib in Resources */,
				A17CEE23240727C100CF4B9B /* MainAttributesTableViewCell.xib in Resources */,
				A1ADC66323FF30FF0060B33A /* season_1.json in Resources */,
				A1ADC66223FF30FF0060B33A /* season_2.json in Resources */,
				A1ADC65D23FF30FF0060B33A /* houses.json in Resources */,
			);
			runOnlyForDeploymentPostprocessing = 0;
		};
		A1C1CD0523F34BE3002BE504 /* Resources */ = {
			isa = PBXResourcesBuildPhase;
			buildActionMask = 2147483647;
			files = (
			);
			runOnlyForDeploymentPostprocessing = 0;
		};
/* End PBXResourcesBuildPhase section */

/* Begin PBXSourcesBuildPhase section */
		A1C1CCED23F34BDF002BE504 /* Sources */ = {
			isa = PBXSourcesBuildPhase;
			buildActionMask = 2147483647;
			files = (
				A17CEE262407280F00CF4B9B /* SecondaryAttributesTableViewCell.swift in Sources */,
				A1C0554123FB515600458C75 /* DataController.swift in Sources */,
				A17CEE22240727C100CF4B9B /* MainAttributesTableViewCell.swift in Sources */,
				A1C3E3B7240150E70093536E /* EpisodeViewController.swift in Sources */,
				A1C0554323FB550A00458C75 /* House.swift in Sources */,
				A1C1CCF523F34BDF002BE504 /* AppDelegate.swift in Sources */,
				A1437ED923F602BC00E8784B /* SettingsViewController.swift in Sources */,
				A113779D2405D9EF00AE8E02 /* EpisodeOverviewTableViewCell.swift in Sources */,
				A13C40172409DCA900E4FF0D /* FavoritesViewController.swift in Sources */,
				A17CEE2A24072BEC00CF4B9B /* CastDetailViewController.swift in Sources */,
				A1C3E39B240065390093536E /* AnimationType.swift in Sources */,
				A177979923F5F41A0043D3DF /* Episode.swift in Sources */,
				A1DB453923FF0A5B00CCD1D8 /* HouseDetailViewController.swift in Sources */,
				A1CE16992401A36000C343BF /* HouseImageTableViewCell.swift in Sources */,
				A107ED7E240C284E00FF54B9 /* RateViewController.swift in Sources */,
				A1C3E39D240065440093536E /* SplashAnimation.swift in Sources */,
				A190AB9824029E6200AEC7A4 /* HouseSeatTableViewCell.swift in Sources */,
				A11377992405D9CF00AE8E02 /* EpisodeDateSeasonTableViewCell.swift in Sources */,
				A1C3E3962400523B0093536E /* CustomSplitViewController.swift in Sources */,
				A1C0553A23FB496B00458C75 /* CastTableViewCell.swift in Sources */,
				A1C1CCF723F34BDF002BE504 /* SceneDelegate.swift in Sources */,
				A1C3E3992400652C0093536E /* SplashView.swift in Sources */,
				A1C3E3B9240150E70093536E /* EpisodeDetailViewController.swift in Sources */,
				A1C0553F23FB4B8100458C75 /* Cast.swift in Sources */,
				A1437ED723F6024900E8784B /* CastViewController.swift in Sources */,
				A13995E7240487C9007CBE33 /* EpisodeImageTableViewCell.swift in Sources */,
				A1B6A31F23FC827B00B48091 /* Rating.swift in Sources */,
				A1F246F423FBEBBA00F6B3AE /* HouseTableViewCell.swift in Sources */,
				A17CEE1E2407273000CF4B9B /* ImageTableViewCell.swift in Sources */,
				A190AB9C2402AA5400AEC7A4 /* HouseWordsTableViewCell.swift in Sources */,
				A1437EDF23F605AB00E8784B /* HouseViewController.swift in Sources */,
				A1C3E3BA240150E70093536E /* EpisodeTableViewCell.swift in Sources */,
			);
			runOnlyForDeploymentPostprocessing = 0;
		};
		A1C1CD0323F34BE3002BE504 /* Sources */ = {
			isa = PBXSourcesBuildPhase;
			buildActionMask = 2147483647;
			files = (
				A1C1CD0C23F34BE3002BE504 /* AppOfThronesTests.swift in Sources */,
			);
			runOnlyForDeploymentPostprocessing = 0;
		};
/* End PBXSourcesBuildPhase section */

/* Begin PBXTargetDependency section */
		A1C1CD0923F34BE3002BE504 /* PBXTargetDependency */ = {
			isa = PBXTargetDependency;
			target = A1C1CCF023F34BDF002BE504 /* AppOfThrones */;
			targetProxy = A1C1CD0823F34BE3002BE504 /* PBXContainerItemProxy */;
		};
/* End PBXTargetDependency section */

/* Begin PBXVariantGroup section */
		A1C1CCFF23F34BE3002BE504 /* LaunchScreen.storyboard */ = {
			isa = PBXVariantGroup;
			children = (
				A1C1CD0023F34BE3002BE504 /* Base */,
			);
			name = LaunchScreen.storyboard;
			sourceTree = "<group>";
		};
/* End PBXVariantGroup section */

/* Begin XCBuildConfiguration section */
		A1C1CD0E23F34BE3002BE504 /* Debug */ = {
			isa = XCBuildConfiguration;
			buildSettings = {
				ALWAYS_SEARCH_USER_PATHS = NO;
				CLANG_ANALYZER_NONNULL = YES;
				CLANG_ANALYZER_NUMBER_OBJECT_CONVERSION = YES_AGGRESSIVE;
				CLANG_CXX_LANGUAGE_STANDARD = "gnu++14";
				CLANG_CXX_LIBRARY = "libc++";
				CLANG_ENABLE_MODULES = YES;
				CLANG_ENABLE_OBJC_ARC = YES;
				CLANG_ENABLE_OBJC_WEAK = YES;
				CLANG_WARN_BLOCK_CAPTURE_AUTORELEASING = YES;
				CLANG_WARN_BOOL_CONVERSION = YES;
				CLANG_WARN_COMMA = YES;
				CLANG_WARN_CONSTANT_CONVERSION = YES;
				CLANG_WARN_DEPRECATED_OBJC_IMPLEMENTATIONS = YES;
				CLANG_WARN_DIRECT_OBJC_ISA_USAGE = YES_ERROR;
				CLANG_WARN_DOCUMENTATION_COMMENTS = YES;
				CLANG_WARN_EMPTY_BODY = YES;
				CLANG_WARN_ENUM_CONVERSION = YES;
				CLANG_WARN_INFINITE_RECURSION = YES;
				CLANG_WARN_INT_CONVERSION = YES;
				CLANG_WARN_NON_LITERAL_NULL_CONVERSION = YES;
				CLANG_WARN_OBJC_IMPLICIT_RETAIN_SELF = YES;
				CLANG_WARN_OBJC_LITERAL_CONVERSION = YES;
				CLANG_WARN_OBJC_ROOT_CLASS = YES_ERROR;
				CLANG_WARN_RANGE_LOOP_ANALYSIS = YES;
				CLANG_WARN_STRICT_PROTOTYPES = YES;
				CLANG_WARN_SUSPICIOUS_MOVE = YES;
				CLANG_WARN_UNGUARDED_AVAILABILITY = YES_AGGRESSIVE;
				CLANG_WARN_UNREACHABLE_CODE = YES;
				CLANG_WARN__DUPLICATE_METHOD_MATCH = YES;
				COPY_PHASE_STRIP = NO;
				DEBUG_INFORMATION_FORMAT = dwarf;
				ENABLE_STRICT_OBJC_MSGSEND = YES;
				ENABLE_TESTABILITY = YES;
				GCC_C_LANGUAGE_STANDARD = gnu11;
				GCC_DYNAMIC_NO_PIC = NO;
				GCC_NO_COMMON_BLOCKS = YES;
				GCC_OPTIMIZATION_LEVEL = 0;
				GCC_PREPROCESSOR_DEFINITIONS = (
					"DEBUG=1",
					"$(inherited)",
				);
				GCC_WARN_64_TO_32_BIT_CONVERSION = YES;
				GCC_WARN_ABOUT_RETURN_TYPE = YES_ERROR;
				GCC_WARN_UNDECLARED_SELECTOR = YES;
				GCC_WARN_UNINITIALIZED_AUTOS = YES_AGGRESSIVE;
				GCC_WARN_UNUSED_FUNCTION = YES;
				GCC_WARN_UNUSED_VARIABLE = YES;
				IPHONEOS_DEPLOYMENT_TARGET = 13.2;
				MTL_ENABLE_DEBUG_INFO = INCLUDE_SOURCE;
				MTL_FAST_MATH = YES;
				ONLY_ACTIVE_ARCH = YES;
				SDKROOT = iphoneos;
				SWIFT_ACTIVE_COMPILATION_CONDITIONS = DEBUG;
				SWIFT_OPTIMIZATION_LEVEL = "-Onone";
			};
			name = Debug;
		};
		A1C1CD0F23F34BE3002BE504 /* Release */ = {
			isa = XCBuildConfiguration;
			buildSettings = {
				ALWAYS_SEARCH_USER_PATHS = NO;
				CLANG_ANALYZER_NONNULL = YES;
				CLANG_ANALYZER_NUMBER_OBJECT_CONVERSION = YES_AGGRESSIVE;
				CLANG_CXX_LANGUAGE_STANDARD = "gnu++14";
				CLANG_CXX_LIBRARY = "libc++";
				CLANG_ENABLE_MODULES = YES;
				CLANG_ENABLE_OBJC_ARC = YES;
				CLANG_ENABLE_OBJC_WEAK = YES;
				CLANG_WARN_BLOCK_CAPTURE_AUTORELEASING = YES;
				CLANG_WARN_BOOL_CONVERSION = YES;
				CLANG_WARN_COMMA = YES;
				CLANG_WARN_CONSTANT_CONVERSION = YES;
				CLANG_WARN_DEPRECATED_OBJC_IMPLEMENTATIONS = YES;
				CLANG_WARN_DIRECT_OBJC_ISA_USAGE = YES_ERROR;
				CLANG_WARN_DOCUMENTATION_COMMENTS = YES;
				CLANG_WARN_EMPTY_BODY = YES;
				CLANG_WARN_ENUM_CONVERSION = YES;
				CLANG_WARN_INFINITE_RECURSION = YES;
				CLANG_WARN_INT_CONVERSION = YES;
				CLANG_WARN_NON_LITERAL_NULL_CONVERSION = YES;
				CLANG_WARN_OBJC_IMPLICIT_RETAIN_SELF = YES;
				CLANG_WARN_OBJC_LITERAL_CONVERSION = YES;
				CLANG_WARN_OBJC_ROOT_CLASS = YES_ERROR;
				CLANG_WARN_RANGE_LOOP_ANALYSIS = YES;
				CLANG_WARN_STRICT_PROTOTYPES = YES;
				CLANG_WARN_SUSPICIOUS_MOVE = YES;
				CLANG_WARN_UNGUARDED_AVAILABILITY = YES_AGGRESSIVE;
				CLANG_WARN_UNREACHABLE_CODE = YES;
				CLANG_WARN__DUPLICATE_METHOD_MATCH = YES;
				COPY_PHASE_STRIP = NO;
				DEBUG_INFORMATION_FORMAT = "dwarf-with-dsym";
				ENABLE_NS_ASSERTIONS = NO;
				ENABLE_STRICT_OBJC_MSGSEND = YES;
				GCC_C_LANGUAGE_STANDARD = gnu11;
				GCC_NO_COMMON_BLOCKS = YES;
				GCC_WARN_64_TO_32_BIT_CONVERSION = YES;
				GCC_WARN_ABOUT_RETURN_TYPE = YES_ERROR;
				GCC_WARN_UNDECLARED_SELECTOR = YES;
				GCC_WARN_UNINITIALIZED_AUTOS = YES_AGGRESSIVE;
				GCC_WARN_UNUSED_FUNCTION = YES;
				GCC_WARN_UNUSED_VARIABLE = YES;
				IPHONEOS_DEPLOYMENT_TARGET = 13.2;
				MTL_ENABLE_DEBUG_INFO = NO;
				MTL_FAST_MATH = YES;
				SDKROOT = iphoneos;
				SWIFT_COMPILATION_MODE = wholemodule;
				SWIFT_OPTIMIZATION_LEVEL = "-O";
				VALIDATE_PRODUCT = YES;
			};
			name = Release;
		};
		A1C1CD1123F34BE3002BE504 /* Debug */ = {
			isa = XCBuildConfiguration;
			buildSettings = {
				ASSETCATALOG_COMPILER_APPICON_NAME = AppIcon;
				CODE_SIGN_STYLE = Automatic;
				DEVELOPMENT_TEAM = 2TT6289TL7;
				INFOPLIST_FILE = AppOfThrones/Info.plist;
				LD_RUNPATH_SEARCH_PATHS = (
					"$(inherited)",
					"@executable_path/Frameworks",
				);
				PRODUCT_BUNDLE_IDENTIFIER = com.familyoptica.AppOfThrones;
				PRODUCT_NAME = "$(TARGET_NAME)";
				SWIFT_VERSION = 5.0;
				TARGETED_DEVICE_FAMILY = "1,2";
			};
			name = Debug;
		};
		A1C1CD1223F34BE3002BE504 /* Release */ = {
			isa = XCBuildConfiguration;
			buildSettings = {
				ASSETCATALOG_COMPILER_APPICON_NAME = AppIcon;
				CODE_SIGN_STYLE = Automatic;
				DEVELOPMENT_TEAM = 2TT6289TL7;
				INFOPLIST_FILE = AppOfThrones/Info.plist;
				LD_RUNPATH_SEARCH_PATHS = (
					"$(inherited)",
					"@executable_path/Frameworks",
				);
				PRODUCT_BUNDLE_IDENTIFIER = com.familyoptica.AppOfThrones;
				PRODUCT_NAME = "$(TARGET_NAME)";
				SWIFT_VERSION = 5.0;
				TARGETED_DEVICE_FAMILY = "1,2";
			};
			name = Release;
		};
		A1C1CD1423F34BE3002BE504 /* Debug */ = {
			isa = XCBuildConfiguration;
			buildSettings = {
				ALWAYS_EMBED_SWIFT_STANDARD_LIBRARIES = YES;
				BUNDLE_LOADER = "$(TEST_HOST)";
				CODE_SIGN_STYLE = Automatic;
				DEVELOPMENT_TEAM = 2TT6289TL7;
				INFOPLIST_FILE = AppOfThronesTests/Info.plist;
				IPHONEOS_DEPLOYMENT_TARGET = 13.2;
				LD_RUNPATH_SEARCH_PATHS = (
					"$(inherited)",
					"@executable_path/Frameworks",
					"@loader_path/Frameworks",
				);
				PRODUCT_BUNDLE_IDENTIFIER = com.familyoptica.AppOfThronesTests;
				PRODUCT_NAME = "$(TARGET_NAME)";
				SWIFT_VERSION = 5.0;
				TARGETED_DEVICE_FAMILY = "1,2";
				TEST_HOST = "$(BUILT_PRODUCTS_DIR)/AppOfThrones.app/AppOfThrones";
			};
			name = Debug;
		};
		A1C1CD1523F34BE3002BE504 /* Release */ = {
			isa = XCBuildConfiguration;
			buildSettings = {
				ALWAYS_EMBED_SWIFT_STANDARD_LIBRARIES = YES;
				BUNDLE_LOADER = "$(TEST_HOST)";
				CODE_SIGN_STYLE = Automatic;
				DEVELOPMENT_TEAM = 2TT6289TL7;
				INFOPLIST_FILE = AppOfThronesTests/Info.plist;
				IPHONEOS_DEPLOYMENT_TARGET = 13.2;
				LD_RUNPATH_SEARCH_PATHS = (
					"$(inherited)",
					"@executable_path/Frameworks",
					"@loader_path/Frameworks",
				);
				PRODUCT_BUNDLE_IDENTIFIER = com.familyoptica.AppOfThronesTests;
				PRODUCT_NAME = "$(TARGET_NAME)";
				SWIFT_VERSION = 5.0;
				TARGETED_DEVICE_FAMILY = "1,2";
				TEST_HOST = "$(BUILT_PRODUCTS_DIR)/AppOfThrones.app/AppOfThrones";
			};
			name = Release;
		};
/* End XCBuildConfiguration section */

/* Begin XCConfigurationList section */
		A1C1CCEC23F34BDF002BE504 /* Build configuration list for PBXProject "AppOfThrones" */ = {
			isa = XCConfigurationList;
			buildConfigurations = (
				A1C1CD0E23F34BE3002BE504 /* Debug */,
				A1C1CD0F23F34BE3002BE504 /* Release */,
			);
			defaultConfigurationIsVisible = 0;
			defaultConfigurationName = Release;
		};
		A1C1CD1023F34BE3002BE504 /* Build configuration list for PBXNativeTarget "AppOfThrones" */ = {
			isa = XCConfigurationList;
			buildConfigurations = (
				A1C1CD1123F34BE3002BE504 /* Debug */,
				A1C1CD1223F34BE3002BE504 /* Release */,
			);
			defaultConfigurationIsVisible = 0;
			defaultConfigurationName = Release;
		};
		A1C1CD1323F34BE3002BE504 /* Build configuration list for PBXNativeTarget "AppOfThronesTests" */ = {
			isa = XCConfigurationList;
			buildConfigurations = (
				A1C1CD1423F34BE3002BE504 /* Debug */,
				A1C1CD1523F34BE3002BE504 /* Release */,
			);
			defaultConfigurationIsVisible = 0;
			defaultConfigurationName = Release;
		};
/* End XCConfigurationList section */
	};
	rootObject = A1C1CCE923F34BDF002BE504 /* Project object */;
}
